
Microsoft Visual Studio Solution File, Format Version 12.00
# Visual Studio Version 16
VisualStudioVersion = 16.0.29613.14
MinimumVisualStudioVersion = 10.0.40219.1
Project("{FAE04EC0-301F-11D3-BF4B-00C04F79EFBC}") = "ToDo-List", "ToDo-List\ToDo-List.csproj", "{D68DE881-F705-4AC6-91AA-867CCC358304}"
EndProject
Global
	GlobalSection(SolutionConfigurationPlatforms) = preSolution
		Debug|Any CPU = Debug|Any CPU
		Release|Any CPU = Release|Any CPU
	EndGlobalSection
	GlobalSection(ProjectConfigurationPlatforms) = postSolution
		{D68DE881-F705-4AC6-91AA-867CCC358304}.Debug|Any CPU.ActiveCfg = Debug|Any CPU
		{D68DE881-F705-4AC6-91AA-867CCC358304}.Debug|Any CPU.Build.0 = Debug|Any CPU
		{D68DE881-F705-4AC6-91AA-867CCC358304}.Release|Any CPU.ActiveCfg = Release|Any CPU
		{D68DE881-F705-4AC6-91AA-867CCC358304}.Release|Any CPU.Build.0 = Release|Any CPU
	EndGlobalSection
	GlobalSection(SolutionProperties) = preSolution
		HideSolutionNode = FALSE
	EndGlobalSection
	GlobalSection(ExtensibilityGlobals) = postSolution
		SolutionGuid = {189092D0-5D75-43FA-B0A3-FFC34E8DC3F5}
	EndGlobalSection
EndGlobal
